{
  "name": "typescript-cli",
  "version": "0.1.0",
  "lockfileVersion": 3,
  "requires": true,
  "packages": {
    "": {
      "name": "typescript-cli",
      "version": "0.1.0",
      "license": "ISC",
      "dependencies": {
        "@didpass/zkpass-client-ts": "^0.1.1-beta.2",
        "uuid": "^9.0.1"
      },
      "devDependencies": {
        "@types/node": "^20.10.0",
        "typescript": "^5"
      }
    },
    "node_modules/@didpass/zkpass-client-ts": {
      "version": "0.1.1-beta.2",
      "resolved": "https://us-west1-npm.pkg.dev/gdp-labs/gdplabs-npm-public/@didpass/zkpass-client-ts/-/@didpass/zkpass-client-ts-0.1.1-beta.2.tgz",
      "integrity": "sha512-HANiZCmnBtq/zsuqvjfat2byAp5bGgu0xrlh9BCWFgxEScIHwHgOrKMOFE19gfLWJ9gME8BFtww+jax2iy3abw==",
      "license": "ISC",
      "dependencies": {
        "jose": "^4.15.4"
      }
    },
    "node_modules/@types/node": {
      "version": "20.10.0",
      "resolved": "https://registry.npmjs.org/@types/node/-/node-20.10.0.tgz",
      "integrity": "sha512-D0WfRmU9TQ8I9PFx9Yc+EBHw+vSpIub4IDvQivcp26PtPrdMGAq5SDcpXEo/epqa/DXotVpekHiLNTg3iaKXBQ==",
      "dev": true,
      "dependencies": {
        "undici-types": "~5.26.4"
      }
    },
    "node_modules/jose": {
      "version": "4.15.4",
      "resolved": "https://registry.npmjs.org/jose/-/jose-4.15.4.tgz",
      "integrity": "sha512-W+oqK4H+r5sITxfxpSU+MMdr/YSWGvgZMQDIsNoBDGGy4i7GBPTtvFKibQzW06n3U3TqHjhvBJsirShsEJ6eeQ==",
      "funding": {
        "url": "https://github.com/sponsors/panva"
      }
    },
    "node_modules/typescript": {
      "version": "5.3.2",
      "resolved": "https://registry.npmjs.org/typescript/-/typescript-5.3.2.tgz",
      "integrity": "sha512-6l+RyNy7oAHDfxC4FzSJcz9vnjTKxrLpDG5M2Vu4SHRVNg6xzqZp6LYSR9zjqQTu8DU/f5xwxUdADOkbrIX2gQ==",
      "dev": true,
      "bin": {
        "tsc": "bin/tsc",
        "tsserver": "bin/tsserver"
      },
      "engines": {
        "node": ">=14.17"
      }
    },
    "node_modules/undici-types": {
      "version": "5.26.5",
      "resolved": "https://registry.npmjs.org/undici-types/-/undici-types-5.26.5.tgz",
      "integrity": "sha512-JlCMO+ehdEIKqlFxk6IfVoAUVmgz7cU7zD/h9XZ0qzeosSHmUJVOzSQvvYSYWXkFXC+IfLKSIffhv0sVZup6pA==",
      "dev": true
    },
    "node_modules/uuid": {
      "version": "9.0.1",
      "resolved": "https://registry.npmjs.org/uuid/-/uuid-9.0.1.tgz",
      "integrity": "sha512-b+1eJOlsR9K8HJpow9Ok3fiWOWSIcIzXodvv0rQjVoOVNpWMpxf1wZNpt4y9h10odCNrqnYp1OBzRktckBe3sA==",
      "funding": [
        "https://github.com/sponsors/broofa",
        "https://github.com/sponsors/ctavan"
      ],
      "bin": {
        "uuid": "dist/bin/uuid"
      }
    }
  }
}
